
Microsoft Visual Studio Solution File, Format Version 12.00
# Visual Studio Version 17
VisualStudioVersion = 17.14.36616.10 d17.14
MinimumVisualStudioVersion = 10.0.40219.1
Project("{8BC9CEB8-8B4A-11D0-8D11-00A0C91BC942}") = "C05", "C05.vcxproj", "{E29220BE-94F3-434E-9989-13D4599070BB}"
EndProject
Global
	GlobalSection(SolutionConfigurationPlatforms) = preSolution
		Debug|x64 = Debug|x64
		Debug|x86 = Debug|x86
		Release|x64 = Release|x64
		Release|x86 = Release|x86
	EndGlobalSection
	GlobalSection(ProjectConfigurationPlatforms) = postSolution
		{E29220BE-94F3-434E-9989-13D4599070BB}.Debug|x64.ActiveCfg = Debug|x64
		{E29220BE-94F3-434E-9989-13D4599070BB}.Debug|x64.Build.0 = Debug|x64
		{E29220BE-94F3-434E-9989-13D4599070BB}.Debug|x86.ActiveCfg = Debug|Win32
		{E29220BE-94F3-434E-9989-13D4599070BB}.Debug|x86.Build.0 = Debug|Win32
		{E29220BE-94F3-434E-9989-13D4599070BB}.Release|x64.ActiveCfg = Release|x64
		{E29220BE-94F3-434E-9989-13D4599070BB}.Release|x64.Build.0 = Release|x64
		{E29220BE-94F3-434E-9989-13D4599070BB}.Release|x86.ActiveCfg = Release|Win32
		{E29220BE-94F3-434E-9989-13D4599070BB}.Release|x86.Build.0 = Release|Win32
	EndGlobalSection
	GlobalSection(SolutionProperties) = preSolution
		HideSolutionNode = FALSE
	EndGlobalSection
	GlobalSection(ExtensibilityGlobals) = postSolution
		SolutionGuid = {E59C56E1-7F30-46F3-998C-E2D77F0F5007}
	EndGlobalSection
EndGlobal
