
Microsoft Visual Studio Solution File, Format Version 12.00
# Visual Studio Version 17
VisualStudioVersion = 17.8.34525.116
MinimumVisualStudioVersion = 10.0.40219.1
Project("{8BC9CEB8-8B4A-11D0-8D11-00A0C91BC942}") = "C01", "C01.vcxproj", "{66E00321-39A0-4DF0-901D-22C7F9279D14}"
EndProject
Global
	GlobalSection(SolutionConfigurationPlatforms) = preSolution
		Debug|x64 = Debug|x64
		Debug|x86 = Debug|x86
		Release|x64 = Release|x64
		Release|x86 = Release|x86
	EndGlobalSection
	GlobalSection(ProjectConfigurationPlatforms) = postSolution
		{66E00321-39A0-4DF0-901D-22C7F9279D14}.Debug|x64.ActiveCfg = Debug|x64
		{66E00321-39A0-4DF0-901D-22C7F9279D14}.Debug|x64.Build.0 = Debug|x64
		{66E00321-39A0-4DF0-901D-22C7F9279D14}.Debug|x86.ActiveCfg = Debug|Win32
		{66E00321-39A0-4DF0-901D-22C7F9279D14}.Debug|x86.Build.0 = Debug|Win32
		{66E00321-39A0-4DF0-901D-22C7F9279D14}.Release|x64.ActiveCfg = Release|x64
		{66E00321-39A0-4DF0-901D-22C7F9279D14}.Release|x64.Build.0 = Release|x64
		{66E00321-39A0-4DF0-901D-22C7F9279D14}.Release|x86.ActiveCfg = Release|Win32
		{66E00321-39A0-4DF0-901D-22C7F9279D14}.Release|x86.Build.0 = Release|Win32
	EndGlobalSection
	GlobalSection(SolutionProperties) = preSolution
		HideSolutionNode = FALSE
	EndGlobalSection
	GlobalSection(ExtensibilityGlobals) = postSolution
		SolutionGuid = {5A043A34-2465-4245-B37A-D5EC7DE7B0D1}
	EndGlobalSection
EndGlobal
