
Microsoft Visual Studio Solution File, Format Version 12.00
# Visual Studio Version 17
VisualStudioVersion = 17.14.36717.8 d17.14
MinimumVisualStudioVersion = 10.0.40219.1
Project("{8BC9CEB8-8B4A-11D0-8D11-00A0C91BC942}") = "C13", "C13.vcxproj", "{794A14CD-A2C9-449D-966D-03E098EDC76F}"
EndProject
Global
	GlobalSection(SolutionConfigurationPlatforms) = preSolution
		Debug|x64 = Debug|x64
		Debug|x86 = Debug|x86
		Release|x64 = Release|x64
		Release|x86 = Release|x86
	EndGlobalSection
	GlobalSection(ProjectConfigurationPlatforms) = postSolution
		{794A14CD-A2C9-449D-966D-03E098EDC76F}.Debug|x64.ActiveCfg = Debug|x64
		{794A14CD-A2C9-449D-966D-03E098EDC76F}.Debug|x64.Build.0 = Debug|x64
		{794A14CD-A2C9-449D-966D-03E098EDC76F}.Debug|x86.ActiveCfg = Debug|Win32
		{794A14CD-A2C9-449D-966D-03E098EDC76F}.Debug|x86.Build.0 = Debug|Win32
		{794A14CD-A2C9-449D-966D-03E098EDC76F}.Release|x64.ActiveCfg = Release|x64
		{794A14CD-A2C9-449D-966D-03E098EDC76F}.Release|x64.Build.0 = Release|x64
		{794A14CD-A2C9-449D-966D-03E098EDC76F}.Release|x86.ActiveCfg = Release|Win32
		{794A14CD-A2C9-449D-966D-03E098EDC76F}.Release|x86.Build.0 = Release|Win32
	EndGlobalSection
	GlobalSection(SolutionProperties) = preSolution
		HideSolutionNode = FALSE
	EndGlobalSection
	GlobalSection(ExtensibilityGlobals) = postSolution
		SolutionGuid = {409DB9FA-F2A1-44B9-9287-BB4AB7F80EF2}
	EndGlobalSection
EndGlobal
