
Microsoft Visual Studio Solution File, Format Version 12.00
# Visual Studio Version 17
VisualStudioVersion = 17.14.36717.8 d17.14
MinimumVisualStudioVersion = 10.0.40219.1
Project("{8BC9CEB8-8B4A-11D0-8D11-00A0C91BC942}") = "C10", "C10.vcxproj", "{E9226999-059F-45DA-B643-9A750D19B2BF}"
EndProject
Global
	GlobalSection(SolutionConfigurationPlatforms) = preSolution
		Debug|x64 = Debug|x64
		Debug|x86 = Debug|x86
		Release|x64 = Release|x64
		Release|x86 = Release|x86
	EndGlobalSection
	GlobalSection(ProjectConfigurationPlatforms) = postSolution
		{E9226999-059F-45DA-B643-9A750D19B2BF}.Debug|x64.ActiveCfg = Debug|x64
		{E9226999-059F-45DA-B643-9A750D19B2BF}.Debug|x64.Build.0 = Debug|x64
		{E9226999-059F-45DA-B643-9A750D19B2BF}.Debug|x86.ActiveCfg = Debug|Win32
		{E9226999-059F-45DA-B643-9A750D19B2BF}.Debug|x86.Build.0 = Debug|Win32
		{E9226999-059F-45DA-B643-9A750D19B2BF}.Release|x64.ActiveCfg = Release|x64
		{E9226999-059F-45DA-B643-9A750D19B2BF}.Release|x64.Build.0 = Release|x64
		{E9226999-059F-45DA-B643-9A750D19B2BF}.Release|x86.ActiveCfg = Release|Win32
		{E9226999-059F-45DA-B643-9A750D19B2BF}.Release|x86.Build.0 = Release|Win32
	EndGlobalSection
	GlobalSection(SolutionProperties) = preSolution
		HideSolutionNode = FALSE
	EndGlobalSection
	GlobalSection(ExtensibilityGlobals) = postSolution
		SolutionGuid = {25433876-CB6E-4CA2-AE45-E1B26E6FB6A4}
	EndGlobalSection
EndGlobal
