
Microsoft Visual Studio Solution File, Format Version 12.00
# Visual Studio Version 17
VisualStudioVersion = 17.8.34525.116
MinimumVisualStudioVersion = 10.0.40219.1
Project("{8BC9CEB8-8B4A-11D0-8D11-00A0C91BC942}") = "S02", "S02.vcxproj", "{F9CF1409-2BAD-4508-9EBE-0BF93B92F3F6}"
EndProject
Global
	GlobalSection(SolutionConfigurationPlatforms) = preSolution
		Debug|x64 = Debug|x64
		Debug|x86 = Debug|x86
		Release|x64 = Release|x64
		Release|x86 = Release|x86
	EndGlobalSection
	GlobalSection(ProjectConfigurationPlatforms) = postSolution
		{F9CF1409-2BAD-4508-9EBE-0BF93B92F3F6}.Debug|x64.ActiveCfg = Debug|x64
		{F9CF1409-2BAD-4508-9EBE-0BF93B92F3F6}.Debug|x64.Build.0 = Debug|x64
		{F9CF1409-2BAD-4508-9EBE-0BF93B92F3F6}.Debug|x86.ActiveCfg = Debug|Win32
		{F9CF1409-2BAD-4508-9EBE-0BF93B92F3F6}.Debug|x86.Build.0 = Debug|Win32
		{F9CF1409-2BAD-4508-9EBE-0BF93B92F3F6}.Release|x64.ActiveCfg = Release|x64
		{F9CF1409-2BAD-4508-9EBE-0BF93B92F3F6}.Release|x64.Build.0 = Release|x64
		{F9CF1409-2BAD-4508-9EBE-0BF93B92F3F6}.Release|x86.ActiveCfg = Release|Win32
		{F9CF1409-2BAD-4508-9EBE-0BF93B92F3F6}.Release|x86.Build.0 = Release|Win32
	EndGlobalSection
	GlobalSection(SolutionProperties) = preSolution
		HideSolutionNode = FALSE
	EndGlobalSection
	GlobalSection(ExtensibilityGlobals) = postSolution
		SolutionGuid = {E93945C2-2BB4-45E2-8B07-ACBD9A379CC2}
	EndGlobalSection
EndGlobal
